
Microsoft Visual Studio Solution File, Format Version 12.00
Project("{FAE04EC0-301F-11D3-BF4B-00C04F79EFBC}") = "KSharpCompiler", "KSharpCompiler\KSharpCompiler.csproj", "{91297AAE-F8D5-42C8-BA10-CBD51FC17AA2}"
EndProject
Project("{FAE04EC0-301F-11D3-BF4B-00C04F79EFBC}") = "KSharp.Part1", "KSharp.Part1\KSharp.Part1.csproj", "{26D1192C-EDE1-4BFA-BD9F-DC334E3D893C}"
EndProject
Project("{FAE04EC0-301F-11D3-BF4B-00C04F79EFBC}") = "KSharpTest", "KSharpTest\KSharpTest.csproj", "{970C3769-98B0-469E-A7CF-91241F690960}"
EndProject
Global
	GlobalSection(SolutionConfigurationPlatforms) = preSolution
		Debug|Any CPU = Debug|Any CPU
		Release|Any CPU = Release|Any CPU
	EndGlobalSection
	GlobalSection(ProjectConfigurationPlatforms) = postSolution
		{91297AAE-F8D5-42C8-BA10-CBD51FC17AA2}.Debug|Any CPU.ActiveCfg = Debug|Any CPU
		{91297AAE-F8D5-42C8-BA10-CBD51FC17AA2}.Debug|Any CPU.Build.0 = Debug|Any CPU
		{91297AAE-F8D5-42C8-BA10-CBD51FC17AA2}.Release|Any CPU.ActiveCfg = Release|Any CPU
		{91297AAE-F8D5-42C8-BA10-CBD51FC17AA2}.Release|Any CPU.Build.0 = Release|Any CPU
		{26D1192C-EDE1-4BFA-BD9F-DC334E3D893C}.Debug|Any CPU.ActiveCfg = Debug|Any CPU
		{26D1192C-EDE1-4BFA-BD9F-DC334E3D893C}.Debug|Any CPU.Build.0 = Debug|Any CPU
		{26D1192C-EDE1-4BFA-BD9F-DC334E3D893C}.Release|Any CPU.ActiveCfg = Release|Any CPU
		{26D1192C-EDE1-4BFA-BD9F-DC334E3D893C}.Release|Any CPU.Build.0 = Release|Any CPU
		{970C3769-98B0-469E-A7CF-91241F690960}.Debug|Any CPU.ActiveCfg = Debug|Any CPU
		{970C3769-98B0-469E-A7CF-91241F690960}.Debug|Any CPU.Build.0 = Debug|Any CPU
		{970C3769-98B0-469E-A7CF-91241F690960}.Release|Any CPU.ActiveCfg = Release|Any CPU
		{970C3769-98B0-469E-A7CF-91241F690960}.Release|Any CPU.Build.0 = Release|Any CPU
	EndGlobalSection
EndGlobal
